// !$*UTF8*$!
{
	archiveVersion = 1;
	classes = {
	};
	objectVersion = 56;
	objects = {

/* Begin PBXBuildFile section */
		0964C3FE299C29DF003639D8 /* AppDelegate.swift in Sources */ = {isa = PBXBuildFile; fileRef = 0964C3FD299C29DF003639D8 /* AppDelegate.swift */; };
		0964C400299C29DF003639D8 /* SceneDelegate.swift in Sources */ = {isa = PBXBuildFile; fileRef = 0964C3FF299C29DF003639D8 /* SceneDelegate.swift */; };
		0964C407299C29E1003639D8 /* Assets.xcassets in Resources */ = {isa = PBXBuildFile; fileRef = 0964C406299C29E1003639D8 /* Assets.xcassets */; };
		0964C40A299C29E1003639D8 /* LaunchScreen.storyboard in Resources */ = {isa = PBXBuildFile; fileRef = 0964C408299C29E1003639D8 /* LaunchScreen.storyboard */; };
		0964C42E299C30E2003639D8 /* SearchVC.swift in Sources */ = {isa = PBXBuildFile; fileRef = 0964C42D299C30E2003639D8 /* SearchVC.swift */; };
		0964C430299C3109003639D8 /* FavoritesListVC.swift in Sources */ = {isa = PBXBuildFile; fileRef = 0964C42F299C3109003639D8 /* FavoritesListVC.swift */; };
		0964C432299C399D003639D8 /* GFButton.swift in Sources */ = {isa = PBXBuildFile; fileRef = 0964C431299C399D003639D8 /* GFButton.swift */; };
		0964C434299C3D8F003639D8 /* GFTextField.swift in Sources */ = {isa = PBXBuildFile; fileRef = 0964C433299C3D8F003639D8 /* GFTextField.swift */; };
		0964C436299D8061003639D8 /* FollowerListVC.swift in Sources */ = {isa = PBXBuildFile; fileRef = 0964C435299D8061003639D8 /* FollowerListVC.swift */; };
		0964C438299DBF1D003639D8 /* GFTitleLabel.swift in Sources */ = {isa = PBXBuildFile; fileRef = 0964C437299DBF1C003639D8 /* GFTitleLabel.swift */; };
		0964C43A299DC132003639D8 /* GFBodyLabel.swift in Sources */ = {isa = PBXBuildFile; fileRef = 0964C439299DC132003639D8 /* GFBodyLabel.swift */; };
		0964C43C299DC22E003639D8 /* GFAlertVC.swift in Sources */ = {isa = PBXBuildFile; fileRef = 0964C43B299DC22E003639D8 /* GFAlertVC.swift */; };
		0964C43E299DCE14003639D8 /* UIViewController+EXT.swift in Sources */ = {isa = PBXBuildFile; fileRef = 0964C43D299DCE14003639D8 /* UIViewController+EXT.swift */; };
		0964C444299DD5C6003639D8 /* GFContainerView.swift in Sources */ = {isa = PBXBuildFile; fileRef = 0964C443299DD5C6003639D8 /* GFContainerView.swift */; };
		0964C447299DDC3D003639D8 /* Follower.swift in Sources */ = {isa = PBXBuildFile; fileRef = 0964C446299DDC3D003639D8 /* Follower.swift */; };
		0964C449299DDD46003639D8 /* User.swift in Sources */ = {isa = PBXBuildFile; fileRef = 0964C448299DDD46003639D8 /* User.swift */; };
		0964C44C299DE330003639D8 /* NetworkManager.swift in Sources */ = {isa = PBXBuildFile; fileRef = 0964C44B299DE330003639D8 /* NetworkManager.swift */; };
		0964C450299DF1C7003639D8 /* GFError.swift in Sources */ = {isa = PBXBuildFile; fileRef = 0964C44F299DF1C7003639D8 /* GFError.swift */; };
		0964C45329A3FCC1003639D8 /* FollowerCell.swift in Sources */ = {isa = PBXBuildFile; fileRef = 0964C45229A3FCC1003639D8 /* FollowerCell.swift */; };
		0964C45529A3FD72003639D8 /* GFAvatarImageView.swift in Sources */ = {isa = PBXBuildFile; fileRef = 0964C45429A3FD72003639D8 /* GFAvatarImageView.swift */; };
		0964C45729A46C1D003639D8 /* UIHelper.swift in Sources */ = {isa = PBXBuildFile; fileRef = 0964C45629A46C1D003639D8 /* UIHelper.swift */; };
		0964C46029A592B4003639D8 /* GFEmptyStateView.swift in Sources */ = {isa = PBXBuildFile; fileRef = 0964C45F29A592B4003639D8 /* GFEmptyStateView.swift */; };
		0964C46229A5A544003639D8 /* UserInfoVC.swift in Sources */ = {isa = PBXBuildFile; fileRef = 0964C46129A5A544003639D8 /* UserInfoVC.swift */; };
		0964C46429A5BC2F003639D8 /* GFUserInfoHeaderVC.swift in Sources */ = {isa = PBXBuildFile; fileRef = 0964C46329A5BC2F003639D8 /* GFUserInfoHeaderVC.swift */; };
		0964C46629A5BCBB003639D8 /* GFSecondaryTitleLabel.swift in Sources */ = {isa = PBXBuildFile; fileRef = 0964C46529A5BCBB003639D8 /* GFSecondaryTitleLabel.swift */; };
		0964C46829A5C551003639D8 /* Constants.swift in Sources */ = {isa = PBXBuildFile; fileRef = 0964C46729A5C551003639D8 /* Constants.swift */; };
		0964C46A29A5D2D2003639D8 /* GFItemInfoView.swift in Sources */ = {isa = PBXBuildFile; fileRef = 0964C46929A5D2D2003639D8 /* GFItemInfoView.swift */; };
		0964C46C29A5D848003639D8 /* GFItemInfoVC.swift in Sources */ = {isa = PBXBuildFile; fileRef = 0964C46B29A5D848003639D8 /* GFItemInfoVC.swift */; };
		0964C46E29A5DB7A003639D8 /* GFRepoItemVC.swift in Sources */ = {isa = PBXBuildFile; fileRef = 0964C46D29A5DB7A003639D8 /* GFRepoItemVC.swift */; };
		0964C47029A5DD17003639D8 /* GFFollowerItemVC.swift in Sources */ = {isa = PBXBuildFile; fileRef = 0964C46F29A5DD17003639D8 /* GFFollowerItemVC.swift */; };
		0964C47329A5E006003639D8 /* Date+EXT.swift in Sources */ = {isa = PBXBuildFile; fileRef = 0964C47229A5E006003639D8 /* Date+EXT.swift */; };
		0964C47529A5E024003639D8 /* String+EXT.swift in Sources */ = {isa = PBXBuildFile; fileRef = 0964C47429A5E024003639D8 /* String+EXT.swift */; };
		0964C47729A5F8CE003639D8 /* PersistenceManager.swift in Sources */ = {isa = PBXBuildFile; fileRef = 0964C47629A5F8CE003639D8 /* PersistenceManager.swift */; };
		0964C47929A6B0DA003639D8 /* FavoriteCell.swift in Sources */ = {isa = PBXBuildFile; fileRef = 0964C47829A6B0DA003639D8 /* FavoriteCell.swift */; };
/* End PBXBuildFile section */

/* Begin PBXContainerItemProxy section */
		0964C411299C29E1003639D8 /* PBXContainerItemProxy */ = {
			isa = PBXContainerItemProxy;
			containerPortal = 0964C3F2299C29DF003639D8 /* Project object */;
			proxyType = 1;
			remoteGlobalIDString = 0964C3F9299C29DF003639D8;
			remoteInfo = GH_Followers;
		};
		0964C41B299C29E1003639D8 /* PBXContainerItemProxy */ = {
			isa = PBXContainerItemProxy;
			containerPortal = 0964C3F2299C29DF003639D8 /* Project object */;
			proxyType = 1;
			remoteGlobalIDString = 0964C3F9299C29DF003639D8;
			remoteInfo = GH_Followers;
		};
/* End PBXContainerItemProxy section */

/* Begin PBXFileReference section */
		0964C3FA299C29DF003639D8 /* GH_Followers.app */ = {isa = PBXFileReference; explicitFileType = wrapper.application; includeInIndex = 0; path = GH_Followers.app; sourceTree = BUILT_PRODUCTS_DIR; };
		0964C3FD299C29DF003639D8 /* AppDelegate.swift */ = {isa = PBXFileReference; lastKnownFileType = sourcecode.swift; path = AppDelegate.swift; sourceTree = "<group>"; };
		0964C3FF299C29DF003639D8 /* SceneDelegate.swift */ = {isa = PBXFileReference; lastKnownFileType = sourcecode.swift; path = SceneDelegate.swift; sourceTree = "<group>"; };
		0964C406299C29E1003639D8 /* Assets.xcassets */ = {isa = PBXFileReference; lastKnownFileType = folder.assetcatalog; path = Assets.xcassets; sourceTree = "<group>"; };
		0964C409299C29E1003639D8 /* Base */ = {isa = PBXFileReference; lastKnownFileType = file.storyboard; name = Base; path = Base.lproj/LaunchScreen.storyboard; sourceTree = "<group>"; };
		0964C40B299C29E1003639D8 /* Info.plist */ = {isa = PBXFileReference; lastKnownFileType = text.plist.xml; path = Info.plist; sourceTree = "<group>"; };
		0964C410299C29E1003639D8 /* GH_FollowersTests.xctest */ = {isa = PBXFileReference; explicitFileType = wrapper.cfbundle; includeInIndex = 0; path = GH_FollowersTests.xctest; sourceTree = BUILT_PRODUCTS_DIR; };
		0964C41A299C29E1003639D8 /* GH_FollowersUITests.xctest */ = {isa = PBXFileReference; explicitFileType = wrapper.cfbundle; includeInIndex = 0; path = GH_FollowersUITests.xctest; sourceTree = BUILT_PRODUCTS_DIR; };
		0964C42D299C30E2003639D8 /* SearchVC.swift */ = {isa = PBXFileReference; lastKnownFileType = sourcecode.swift; path = SearchVC.swift; sourceTree = "<group>"; };
		0964C42F299C3109003639D8 /* FavoritesListVC.swift */ = {isa = PBXFileReference; lastKnownFileType = sourcecode.swift; path = FavoritesListVC.swift; sourceTree = "<group>"; };
		0964C431299C399D003639D8 /* GFButton.swift */ = {isa = PBXFileReference; lastKnownFileType = sourcecode.swift; path = GFButton.swift; sourceTree = "<group>"; };
		0964C433299C3D8F003639D8 /* GFTextField.swift */ = {isa = PBXFileReference; lastKnownFileType = sourcecode.swift; path = GFTextField.swift; sourceTree = "<group>"; };
		0964C435299D8061003639D8 /* FollowerListVC.swift */ = {isa = PBXFileReference; lastKnownFileType = sourcecode.swift; path = FollowerListVC.swift; sourceTree = "<group>"; };
		0964C437299DBF1C003639D8 /* GFTitleLabel.swift */ = {isa = PBXFileReference; lastKnownFileType = sourcecode.swift; path = GFTitleLabel.swift; sourceTree = "<group>"; };
		0964C439299DC132003639D8 /* GFBodyLabel.swift */ = {isa = PBXFileReference; lastKnownFileType = sourcecode.swift; path = GFBodyLabel.swift; sourceTree = "<group>"; };
		0964C43B299DC22E003639D8 /* GFAlertVC.swift */ = {isa = PBXFileReference; lastKnownFileType = sourcecode.swift; path = GFAlertVC.swift; sourceTree = "<group>"; };
		0964C43D299DCE14003639D8 /* UIViewController+EXT.swift */ = {isa = PBXFileReference; lastKnownFileType = sourcecode.swift; path = "UIViewController+EXT.swift"; sourceTree = "<group>"; };
		0964C443299DD5C6003639D8 /* GFContainerView.swift */ = {isa = PBXFileReference; lastKnownFileType = sourcecode.swift; path = GFContainerView.swift; sourceTree = "<group>"; };
		0964C446299DDC3D003639D8 /* Follower.swift */ = {isa = PBXFileReference; lastKnownFileType = sourcecode.swift; path = Follower.swift; sourceTree = "<group>"; };
		0964C448299DDD46003639D8 /* User.swift */ = {isa = PBXFileReference; lastKnownFileType = sourcecode.swift; path = User.swift; sourceTree = "<group>"; };
		0964C44B299DE330003639D8 /* NetworkManager.swift */ = {isa = PBXFileReference; lastKnownFileType = sourcecode.swift; path = NetworkManager.swift; sourceTree = "<group>"; };
		0964C44F299DF1C7003639D8 /* GFError.swift */ = {isa = PBXFileReference; lastKnownFileType = sourcecode.swift; path = GFError.swift; sourceTree = "<group>"; };
		0964C45229A3FCC1003639D8 /* FollowerCell.swift */ = {isa = PBXFileReference; lastKnownFileType = sourcecode.swift; path = FollowerCell.swift; sourceTree = "<group>"; };
		0964C45429A3FD72003639D8 /* GFAvatarImageView.swift */ = {isa = PBXFileReference; lastKnownFileType = sourcecode.swift; path = GFAvatarImageView.swift; sourceTree = "<group>"; };
		0964C45629A46C1D003639D8 /* UIHelper.swift */ = {isa = PBXFileReference; lastKnownFileType = sourcecode.swift; path = UIHelper.swift; sourceTree = "<group>"; };
		0964C45F29A592B4003639D8 /* GFEmptyStateView.swift */ = {isa = PBXFileReference; lastKnownFileType = sourcecode.swift; path = GFEmptyStateView.swift; sourceTree = "<group>"; };
		0964C46129A5A544003639D8 /* UserInfoVC.swift */ = {isa = PBXFileReference; lastKnownFileType = sourcecode.swift; path = UserInfoVC.swift; sourceTree = "<group>"; };
		0964C46329A5BC2F003639D8 /* GFUserInfoHeaderVC.swift */ = {isa = PBXFileReference; lastKnownFileType = sourcecode.swift; path = GFUserInfoHeaderVC.swift; sourceTree = "<group>"; };
		0964C46529A5BCBB003639D8 /* GFSecondaryTitleLabel.swift */ = {isa = PBXFileReference; lastKnownFileType = sourcecode.swift; path = GFSecondaryTitleLabel.swift; sourceTree = "<group>"; };
		0964C46729A5C551003639D8 /* Constants.swift */ = {isa = PBXFileReference; lastKnownFileType = sourcecode.swift; path = Constants.swift; sourceTree = "<group>"; };
		0964C46929A5D2D2003639D8 /* GFItemInfoView.swift */ = {isa = PBXFileReference; lastKnownFileType = sourcecode.swift; path = GFItemInfoView.swift; sourceTree = "<group>"; };
		0964C46B29A5D848003639D8 /* GFItemInfoVC.swift */ = {isa = PBXFileReference; lastKnownFileType = sourcecode.swift; path = GFItemInfoVC.swift; sourceTree = "<group>"; };
		0964C46D29A5DB7A003639D8 /* GFRepoItemVC.swift */ = {isa = PBXFileReference; lastKnownFileType = sourcecode.swift; path = GFRepoItemVC.swift; sourceTree = "<group>"; };
		0964C46F29A5DD17003639D8 /* GFFollowerItemVC.swift */ = {isa = PBXFileReference; lastKnownFileType = sourcecode.swift; path = GFFollowerItemVC.swift; sourceTree = "<group>"; };
		0964C47229A5E006003639D8 /* Date+EXT.swift */ = {isa = PBXFileReference; lastKnownFileType = sourcecode.swift; path = "Date+EXT.swift"; sourceTree = "<group>"; };
		0964C47429A5E024003639D8 /* String+EXT.swift */ = {isa = PBXFileReference; lastKnownFileType = sourcecode.swift; path = "String+EXT.swift"; sourceTree = "<group>"; };
		0964C47629A5F8CE003639D8 /* PersistenceManager.swift */ = {isa = PBXFileReference; lastKnownFileType = sourcecode.swift; path = PersistenceManager.swift; sourceTree = "<group>"; };
		0964C47829A6B0DA003639D8 /* FavoriteCell.swift */ = {isa = PBXFileReference; lastKnownFileType = sourcecode.swift; path = FavoriteCell.swift; sourceTree = "<group>"; };
/* End PBXFileReference section */

/* Begin PBXFrameworksBuildPhase section */
		0964C3F7299C29DF003639D8 /* Frameworks */ = {
			isa = PBXFrameworksBuildPhase;
			buildActionMask = 2147483647;
			files = (
			);
			runOnlyForDeploymentPostprocessing = 0;
		};
		0964C40D299C29E1003639D8 /* Frameworks */ = {
			isa = PBXFrameworksBuildPhase;
			buildActionMask = 2147483647;
			files = (
			);
			runOnlyForDeploymentPostprocessing = 0;
		};
		0964C417299C29E1003639D8 /* Frameworks */ = {
			isa = PBXFrameworksBuildPhase;
			buildActionMask = 2147483647;
			files = (
			);
			runOnlyForDeploymentPostprocessing = 0;
		};
/* End PBXFrameworksBuildPhase section */

/* Begin PBXGroup section */
		0964C3F1299C29DF003639D8 = {
			isa = PBXGroup;
			children = (
				0964C3FC299C29DF003639D8 /* GH_Followers */,
				0964C3FB299C29DF003639D8 /* Products */,
			);
			sourceTree = "<group>";
		};
		0964C3FB299C29DF003639D8 /* Products */ = {
			isa = PBXGroup;
			children = (
				0964C3FA299C29DF003639D8 /* GH_Followers.app */,
				0964C410299C29E1003639D8 /* GH_FollowersTests.xctest */,
				0964C41A299C29E1003639D8 /* GH_FollowersUITests.xctest */,
			);
			name = Products;
			sourceTree = "<group>";
		};
		0964C3FC299C29DF003639D8 /* GH_Followers */ = {
			isa = PBXGroup;
			children = (
				0964C44D299DF197003639D8 /* Utilities */,
				0964C44A299DE311003639D8 /* Managers */,
				0964C445299DDC29003639D8 /* Model */,
				0964C40B299C29E1003639D8 /* Info.plist */,
				0964C442299DD322003639D8 /* Support */,
				0964C441299DD299003639D8 /* Extension */,
				0964C440299DD265003639D8 /* Custom Views */,
				0964C43F299DD215003639D8 /* Screens */,
			);
			path = GH_Followers;
			sourceTree = "<group>";
		};
		0964C43F299DD215003639D8 /* Screens */ = {
			isa = PBXGroup;
			children = (
				0964C435299D8061003639D8 /* FollowerListVC.swift */,
				0964C42F299C3109003639D8 /* FavoritesListVC.swift */,
				0964C42D299C30E2003639D8 /* SearchVC.swift */,
				0964C46129A5A544003639D8 /* UserInfoVC.swift */,
			);
			path = Screens;
			sourceTree = "<group>";
		};
		0964C440299DD265003639D8 /* Custom Views */ = {
			isa = PBXGroup;
			children = (
				0964C45C29A5912E003639D8 /* Labels */,
				0964C45D29A59197003639D8 /* ImageViews */,
				0964C45B29A59115003639D8 /* ViewControllers */,
				0964C45A29A590FD003639D8 /* TextFields */,
				0964C45929A590ED003639D8 /* Buttons */,
				0964C45829A590D6003639D8 /* Views */,
				0964C45129A3FC86003639D8 /* Cells */,
			);
			path = "Custom Views";
			sourceTree = "<group>";
		};
		0964C441299DD299003639D8 /* Extension */ = {
			isa = PBXGroup;
			children = (
				0964C43D299DCE14003639D8 /* UIViewController+EXT.swift */,
				0964C47229A5E006003639D8 /* Date+EXT.swift */,
				0964C47429A5E024003639D8 /* String+EXT.swift */,
			);
			path = Extension;
			sourceTree = "<group>";
		};
		0964C442299DD322003639D8 /* Support */ = {
			isa = PBXGroup;
			children = (
				0964C3FD299C29DF003639D8 /* AppDelegate.swift */,
				0964C3FF299C29DF003639D8 /* SceneDelegate.swift */,
				0964C406299C29E1003639D8 /* Assets.xcassets */,
				0964C408299C29E1003639D8 /* LaunchScreen.storyboard */,
			);
			path = Support;
			sourceTree = "<group>";
		};
		0964C445299DDC29003639D8 /* Model */ = {
			isa = PBXGroup;
			children = (
				0964C446299DDC3D003639D8 /* Follower.swift */,
				0964C448299DDD46003639D8 /* User.swift */,
			);
			path = Model;
			sourceTree = "<group>";
		};
		0964C44A299DE311003639D8 /* Managers */ = {
			isa = PBXGroup;
			children = (
				0964C44B299DE330003639D8 /* NetworkManager.swift */,
				0964C47629A5F8CE003639D8 /* PersistenceManager.swift */,
			);
			path = Managers;
			sourceTree = "<group>";
		};
		0964C44D299DF197003639D8 /* Utilities */ = {
			isa = PBXGroup;
			children = (
				0964C44F299DF1C7003639D8 /* GFError.swift */,
				0964C45629A46C1D003639D8 /* UIHelper.swift */,
				0964C46729A5C551003639D8 /* Constants.swift */,
			);
			path = Utilities;
			sourceTree = "<group>";
		};
		0964C45129A3FC86003639D8 /* Cells */ = {
			isa = PBXGroup;
			children = (
				0964C45229A3FCC1003639D8 /* FollowerCell.swift */,
				0964C47829A6B0DA003639D8 /* FavoriteCell.swift */,
			);
			path = Cells;
			sourceTree = "<group>";
		};
		0964C45829A590D6003639D8 /* Views */ = {
			isa = PBXGroup;
			children = (
				0964C443299DD5C6003639D8 /* GFContainerView.swift */,
				0964C45F29A592B4003639D8 /* GFEmptyStateView.swift */,
				0964C46929A5D2D2003639D8 /* GFItemInfoView.swift */,
			);
			path = Views;
			sourceTree = "<group>";
		};
		0964C45929A590ED003639D8 /* Buttons */ = {
			isa = PBXGroup;
			children = (
				0964C431299C399D003639D8 /* GFButton.swift */,
			);
			path = Buttons;
			sourceTree = "<group>";
		};
		0964C45A29A590FD003639D8 /* TextFields */ = {
			isa = PBXGroup;
			children = (
				0964C433299C3D8F003639D8 /* GFTextField.swift */,
			);
			path = TextFields;
			sourceTree = "<group>";
		};
		0964C45B29A59115003639D8 /* ViewControllers */ = {
			isa = PBXGroup;
			children = (
				0964C47129A5DD72003639D8 /* ItemInfoVCs */,
				0964C43B299DC22E003639D8 /* GFAlertVC.swift */,
				0964C46329A5BC2F003639D8 /* GFUserInfoHeaderVC.swift */,
			);
			path = ViewControllers;
			sourceTree = "<group>";
		};
		0964C45C29A5912E003639D8 /* Labels */ = {
			isa = PBXGroup;
			children = (
				0964C437299DBF1C003639D8 /* GFTitleLabel.swift */,
				0964C439299DC132003639D8 /* GFBodyLabel.swift */,
				0964C46529A5BCBB003639D8 /* GFSecondaryTitleLabel.swift */,
			);
			path = Labels;
			sourceTree = "<group>";
		};
		0964C45D29A59197003639D8 /* ImageViews */ = {
			isa = PBXGroup;
			children = (
				0964C45429A3FD72003639D8 /* GFAvatarImageView.swift */,
			);
			path = ImageViews;
			sourceTree = "<group>";
		};
		0964C47129A5DD72003639D8 /* ItemInfoVCs */ = {
			isa = PBXGroup;
			children = (
				0964C46B29A5D848003639D8 /* GFItemInfoVC.swift */,
				0964C46D29A5DB7A003639D8 /* GFRepoItemVC.swift */,
				0964C46F29A5DD17003639D8 /* GFFollowerItemVC.swift */,
			);
			path = ItemInfoVCs;
			sourceTree = "<group>";
		};
/* End PBXGroup section */

/* Begin PBXNativeTarget section */
		0964C3F9299C29DF003639D8 /* GH_Followers */ = {
			isa = PBXNativeTarget;
			buildConfigurationList = 0964C424299C29E1003639D8 /* Build configuration list for PBXNativeTarget "GH_Followers" */;
			buildPhases = (
				0964C3F6299C29DF003639D8 /* Sources */,
				0964C3F7299C29DF003639D8 /* Frameworks */,
				0964C3F8299C29DF003639D8 /* Resources */,
			);
			buildRules = (
			);
			dependencies = (
			);
			name = GH_Followers;
			productName = GH_Followers;
			productReference = 0964C3FA299C29DF003639D8 /* GH_Followers.app */;
			productType = "com.apple.product-type.application";
		};
		0964C40F299C29E1003639D8 /* GH_FollowersTests */ = {
			isa = PBXNativeTarget;
			buildConfigurationList = 0964C427299C29E1003639D8 /* Build configuration list for PBXNativeTarget "GH_FollowersTests" */;
			buildPhases = (
				0964C40C299C29E1003639D8 /* Sources */,
				0964C40D299C29E1003639D8 /* Frameworks */,
				0964C40E299C29E1003639D8 /* Resources */,
			);
			buildRules = (
			);
			dependencies = (
				0964C412299C29E1003639D8 /* PBXTargetDependency */,
			);
			name = GH_FollowersTests;
			productName = GH_FollowersTests;
			productReference = 0964C410299C29E1003639D8 /* GH_FollowersTests.xctest */;
			productType = "com.apple.product-type.bundle.unit-test";
		};
		0964C419299C29E1003639D8 /* GH_FollowersUITests */ = {
			isa = PBXNativeTarget;
			buildConfigurationList = 0964C42A299C29E1003639D8 /* Build configuration list for PBXNativeTarget "GH_FollowersUITests" */;
			buildPhases = (
				0964C416299C29E1003639D8 /* Sources */,
				0964C417299C29E1003639D8 /* Frameworks */,
				0964C418299C29E1003639D8 /* Resources */,
			);
			buildRules = (
			);
			dependencies = (
				0964C41C299C29E1003639D8 /* PBXTargetDependency */,
			);
			name = GH_FollowersUITests;
			productName = GH_FollowersUITests;
			productReference = 0964C41A299C29E1003639D8 /* GH_FollowersUITests.xctest */;
			productType = "com.apple.product-type.bundle.ui-testing";
		};
/* End PBXNativeTarget section */

/* Begin PBXProject section */
		0964C3F2299C29DF003639D8 /* Project object */ = {
			isa = PBXProject;
			attributes = {
				BuildIndependentTargetsInParallel = 1;
				LastSwiftUpdateCheck = 1420;
				LastUpgradeCheck = 1420;
				TargetAttributes = {
					0964C3F9299C29DF003639D8 = {
						CreatedOnToolsVersion = 14.2;
					};
					0964C40F299C29E1003639D8 = {
						CreatedOnToolsVersion = 14.2;
						TestTargetID = 0964C3F9299C29DF003639D8;
					};
					0964C419299C29E1003639D8 = {
						CreatedOnToolsVersion = 14.2;
						TestTargetID = 0964C3F9299C29DF003639D8;
					};
				};
			};
			buildConfigurationList = 0964C3F5299C29DF003639D8 /* Build configuration list for PBXProject "GH_Followers" */;
			compatibilityVersion = "Xcode 14.0";
			developmentRegion = en;
			hasScannedForEncodings = 0;
			knownRegions = (
				en,
				Base,
			);
			mainGroup = 0964C3F1299C29DF003639D8;
			productRefGroup = 0964C3FB299C29DF003639D8 /* Products */;
			projectDirPath = "";
			projectRoot = "";
			targets = (
				0964C3F9299C29DF003639D8 /* GH_Followers */,
				0964C40F299C29E1003639D8 /* GH_FollowersTests */,
				0964C419299C29E1003639D8 /* GH_FollowersUITests */,
			);
		};
/* End PBXProject section */

/* Begin PBXResourcesBuildPhase section */
		0964C3F8299C29DF003639D8 /* Resources */ = {
			isa = PBXResourcesBuildPhase;
			buildActionMask = 2147483647;
			files = (
				0964C40A299C29E1003639D8 /* LaunchScreen.storyboard in Resources */,
				0964C407299C29E1003639D8 /* Assets.xcassets in Resources */,
			);
			runOnlyForDeploymentPostprocessing = 0;
		};
		0964C40E299C29E1003639D8 /* Resources */ = {
			isa = PBXResourcesBuildPhase;
			buildActionMask = 2147483647;
			files = (
			);
			runOnlyForDeploymentPostprocessing = 0;
		};
		0964C418299C29E1003639D8 /* Resources */ = {
			isa = PBXResourcesBuildPhase;
			buildActionMask = 2147483647;
			files = (
			);
			runOnlyForDeploymentPostprocessing = 0;
		};
/* End PBXResourcesBuildPhase section */

/* Begin PBXSourcesBuildPhase section */
		0964C3F6299C29DF003639D8 /* Sources */ = {
			isa = PBXSourcesBuildPhase;
			buildActionMask = 2147483647;
			files = (
				0964C434299C3D8F003639D8 /* GFTextField.swift in Sources */,
				0964C430299C3109003639D8 /* FavoritesListVC.swift in Sources */,
				0964C432299C399D003639D8 /* GFButton.swift in Sources */,
				0964C47329A5E006003639D8 /* Date+EXT.swift in Sources */,
				0964C46429A5BC2F003639D8 /* GFUserInfoHeaderVC.swift in Sources */,
				0964C42E299C30E2003639D8 /* SearchVC.swift in Sources */,
				0964C43C299DC22E003639D8 /* GFAlertVC.swift in Sources */,
				0964C46029A592B4003639D8 /* GFEmptyStateView.swift in Sources */,
				0964C46629A5BCBB003639D8 /* GFSecondaryTitleLabel.swift in Sources */,
				0964C43A299DC132003639D8 /* GFBodyLabel.swift in Sources */,
				0964C449299DDD46003639D8 /* User.swift in Sources */,
				0964C45329A3FCC1003639D8 /* FollowerCell.swift in Sources */,
				0964C47729A5F8CE003639D8 /* PersistenceManager.swift in Sources */,
				0964C47929A6B0DA003639D8 /* FavoriteCell.swift in Sources */,
				0964C47029A5DD17003639D8 /* GFFollowerItemVC.swift in Sources */,
				0964C45529A3FD72003639D8 /* GFAvatarImageView.swift in Sources */,
				0964C46E29A5DB7A003639D8 /* GFRepoItemVC.swift in Sources */,
				0964C438299DBF1D003639D8 /* GFTitleLabel.swift in Sources */,
				0964C46229A5A544003639D8 /* UserInfoVC.swift in Sources */,
				0964C447299DDC3D003639D8 /* Follower.swift in Sources */,
				0964C47529A5E024003639D8 /* String+EXT.swift in Sources */,
				0964C43E299DCE14003639D8 /* UIViewController+EXT.swift in Sources */,
				0964C444299DD5C6003639D8 /* GFContainerView.swift in Sources */,
				0964C3FE299C29DF003639D8 /* AppDelegate.swift in Sources */,
				0964C46C29A5D848003639D8 /* GFItemInfoVC.swift in Sources */,
				0964C450299DF1C7003639D8 /* GFError.swift in Sources */,
				0964C45729A46C1D003639D8 /* UIHelper.swift in Sources */,
				0964C44C299DE330003639D8 /* NetworkManager.swift in Sources */,
				0964C400299C29DF003639D8 /* SceneDelegate.swift in Sources */,
				0964C46A29A5D2D2003639D8 /* GFItemInfoView.swift in Sources */,
				0964C436299D8061003639D8 /* FollowerListVC.swift in Sources */,
				0964C46829A5C551003639D8 /* Constants.swift in Sources */,
			);
			runOnlyForDeploymentPostprocessing = 0;
		};
		0964C40C299C29E1003639D8 /* Sources */ = {
			isa = PBXSourcesBuildPhase;
			buildActionMask = 2147483647;
			files = (
			);
			runOnlyForDeploymentPostprocessing = 0;
		};
		0964C416299C29E1003639D8 /* Sources */ = {
			isa = PBXSourcesBuildPhase;
			buildActionMask = 2147483647;
			files = (
			);
			runOnlyForDeploymentPostprocessing = 0;
		};
/* End PBXSourcesBuildPhase section */

/* Begin PBXTargetDependency section */
		0964C412299C29E1003639D8 /* PBXTargetDependency */ = {
			isa = PBXTargetDependency;
			target = 0964C3F9299C29DF003639D8 /* GH_Followers */;
			targetProxy = 0964C411299C29E1003639D8 /* PBXContainerItemProxy */;
		};
		0964C41C299C29E1003639D8 /* PBXTargetDependency */ = {
			isa = PBXTargetDependency;
			target = 0964C3F9299C29DF003639D8 /* GH_Followers */;
			targetProxy = 0964C41B299C29E1003639D8 /* PBXContainerItemProxy */;
		};
/* End PBXTargetDependency section */

/* Begin PBXVariantGroup section */
		0964C408299C29E1003639D8 /* LaunchScreen.storyboard */ = {
			isa = PBXVariantGroup;
			children = (
				0964C409299C29E1003639D8 /* Base */,
			);
			name = LaunchScreen.storyboard;
			sourceTree = "<group>";
		};
/* End PBXVariantGroup section */

/* Begin XCBuildConfiguration section */
		0964C422299C29E1003639D8 /* Debug */ = {
			isa = XCBuildConfiguration;
			buildSettings = {
				ALWAYS_SEARCH_USER_PATHS = NO;
				CLANG_ANALYZER_NONNULL = YES;
				CLANG_ANALYZER_NUMBER_OBJECT_CONVERSION = YES_AGGRESSIVE;
				CLANG_CXX_LANGUAGE_STANDARD = "gnu++20";
				CLANG_ENABLE_MODULES = YES;
				CLANG_ENABLE_OBJC_ARC = YES;
				CLANG_ENABLE_OBJC_WEAK = YES;
				CLANG_WARN_BLOCK_CAPTURE_AUTORELEASING = YES;
				CLANG_WARN_BOOL_CONVERSION = YES;
				CLANG_WARN_COMMA = YES;
				CLANG_WARN_CONSTANT_CONVERSION = YES;
				CLANG_WARN_DEPRECATED_OBJC_IMPLEMENTATIONS = YES;
				CLANG_WARN_DIRECT_OBJC_ISA_USAGE = YES_ERROR;
				CLANG_WARN_DOCUMENTATION_COMMENTS = YES;
				CLANG_WARN_EMPTY_BODY = YES;
				CLANG_WARN_ENUM_CONVERSION = YES;
				CLANG_WARN_INFINITE_RECURSION = YES;
				CLANG_WARN_INT_CONVERSION = YES;
				CLANG_WARN_NON_LITERAL_NULL_CONVERSION = YES;
				CLANG_WARN_OBJC_IMPLICIT_RETAIN_SELF = YES;
				CLANG_WARN_OBJC_LITERAL_CONVERSION = YES;
				CLANG_WARN_OBJC_ROOT_CLASS = YES_ERROR;
				CLANG_WARN_QUOTED_INCLUDE_IN_FRAMEWORK_HEADER = YES;
				CLANG_WARN_RANGE_LOOP_ANALYSIS = YES;
				CLANG_WARN_STRICT_PROTOTYPES = YES;
				CLANG_WARN_SUSPICIOUS_MOVE = YES;
				CLANG_WARN_UNGUARDED_AVAILABILITY = YES_AGGRESSIVE;
				CLANG_WARN_UNREACHABLE_CODE = YES;
				CLANG_WARN__DUPLICATE_METHOD_MATCH = YES;
				COPY_PHASE_STRIP = NO;
				DEBUG_INFORMATION_FORMAT = dwarf;
				ENABLE_STRICT_OBJC_MSGSEND = YES;
				ENABLE_TESTABILITY = YES;
				GCC_C_LANGUAGE_STANDARD = gnu11;
				GCC_DYNAMIC_NO_PIC = NO;
				GCC_NO_COMMON_BLOCKS = YES;
				GCC_OPTIMIZATION_LEVEL = 0;
				GCC_PREPROCESSOR_DEFINITIONS = (
					"DEBUG=1",
					"$(inherited)",
				);
				GCC_WARN_64_TO_32_BIT_CONVERSION = YES;
				GCC_WARN_ABOUT_RETURN_TYPE = YES_ERROR;
				GCC_WARN_UNDECLARED_SELECTOR = YES;
				GCC_WARN_UNINITIALIZED_AUTOS = YES_AGGRESSIVE;
				GCC_WARN_UNUSED_FUNCTION = YES;
				GCC_WARN_UNUSED_VARIABLE = YES;
				IPHONEOS_DEPLOYMENT_TARGET = 16.2;
				MTL_ENABLE_DEBUG_INFO = INCLUDE_SOURCE;
				MTL_FAST_MATH = YES;
				ONLY_ACTIVE_ARCH = YES;
				SDKROOT = iphoneos;
				SWIFT_ACTIVE_COMPILATION_CONDITIONS = DEBUG;
				SWIFT_OPTIMIZATION_LEVEL = "-Onone";
			};
			name = Debug;
		};
		0964C423299C29E1003639D8 /* Release */ = {
			isa = XCBuildConfiguration;
			buildSettings = {
				ALWAYS_SEARCH_USER_PATHS = NO;
				CLANG_ANALYZER_NONNULL = YES;
				CLANG_ANALYZER_NUMBER_OBJECT_CONVERSION = YES_AGGRESSIVE;
				CLANG_CXX_LANGUAGE_STANDARD = "gnu++20";
				CLANG_ENABLE_MODULES = YES;
				CLANG_ENABLE_OBJC_ARC = YES;
				CLANG_ENABLE_OBJC_WEAK = YES;
				CLANG_WARN_BLOCK_CAPTURE_AUTORELEASING = YES;
				CLANG_WARN_BOOL_CONVERSION = YES;
				CLANG_WARN_COMMA = YES;
				CLANG_WARN_CONSTANT_CONVERSION = YES;
				CLANG_WARN_DEPRECATED_OBJC_IMPLEMENTATIONS = YES;
				CLANG_WARN_DIRECT_OBJC_ISA_USAGE = YES_ERROR;
				CLANG_WARN_DOCUMENTATION_COMMENTS = YES;
				CLANG_WARN_EMPTY_BODY = YES;
				CLANG_WARN_ENUM_CONVERSION = YES;
				CLANG_WARN_INFINITE_RECURSION = YES;
				CLANG_WARN_INT_CONVERSION = YES;
				CLANG_WARN_NON_LITERAL_NULL_CONVERSION = YES;
				CLANG_WARN_OBJC_IMPLICIT_RETAIN_SELF = YES;
				CLANG_WARN_OBJC_LITERAL_CONVERSION = YES;
				CLANG_WARN_OBJC_ROOT_CLASS = YES_ERROR;
				CLANG_WARN_QUOTED_INCLUDE_IN_FRAMEWORK_HEADER = YES;
				CLANG_WARN_RANGE_LOOP_ANALYSIS = YES;
				CLANG_WARN_STRICT_PROTOTYPES = YES;
				CLANG_WARN_SUSPICIOUS_MOVE = YES;
				CLANG_WARN_UNGUARDED_AVAILABILITY = YES_AGGRESSIVE;
				CLANG_WARN_UNREACHABLE_CODE = YES;
				CLANG_WARN__DUPLICATE_METHOD_MATCH = YES;
				COPY_PHASE_STRIP = NO;
				DEBUG_INFORMATION_FORMAT = "dwarf-with-dsym";
				ENABLE_NS_ASSERTIONS = NO;
				ENABLE_STRICT_OBJC_MSGSEND = YES;
				GCC_C_LANGUAGE_STANDARD = gnu11;
				GCC_NO_COMMON_BLOCKS = YES;
				GCC_WARN_64_TO_32_BIT_CONVERSION = YES;
				GCC_WARN_ABOUT_RETURN_TYPE = YES_ERROR;
				GCC_WARN_UNDECLARED_SELECTOR = YES;
				GCC_WARN_UNINITIALIZED_AUTOS = YES_AGGRESSIVE;
				GCC_WARN_UNUSED_FUNCTION = YES;
				GCC_WARN_UNUSED_VARIABLE = YES;
				IPHONEOS_DEPLOYMENT_TARGET = 16.2;
				MTL_ENABLE_DEBUG_INFO = NO;
				MTL_FAST_MATH = YES;
				SDKROOT = iphoneos;
				SWIFT_COMPILATION_MODE = wholemodule;
				SWIFT_OPTIMIZATION_LEVEL = "-O";
				VALIDATE_PRODUCT = YES;
			};
			name = Release;
		};
		0964C425299C29E1003639D8 /* Debug */ = {
			isa = XCBuildConfiguration;
			buildSettings = {
				ASSETCATALOG_COMPILER_APPICON_NAME = AppIcon;
				ASSETCATALOG_COMPILER_GLOBAL_ACCENT_COLOR_NAME = AccentColor;
				CODE_SIGN_STYLE = Automatic;
				CURRENT_PROJECT_VERSION = 1;
				DEVELOPMENT_TEAM = 8GX99C5LX7;
				GENERATE_INFOPLIST_FILE = YES;
				INFOPLIST_FILE = GH_Followers/Info.plist;
				INFOPLIST_KEY_UIApplicationSupportsIndirectInputEvents = YES;
				INFOPLIST_KEY_UILaunchStoryboardName = LaunchScreen;
				INFOPLIST_KEY_UISupportedInterfaceOrientations = UIInterfaceOrientationPortrait;
				INFOPLIST_KEY_UISupportedInterfaceOrientations_iPad = "UIInterfaceOrientationPortrait UIInterfaceOrientationPortraitUpsideDown";
				LD_RUNPATH_SEARCH_PATHS = (
					"$(inherited)",
					"@executable_path/Frameworks",
				);
				MARKETING_VERSION = 1.0;
				PRODUCT_BUNDLE_IDENTIFIER = "KK.GH-Followers";
				PRODUCT_NAME = "$(TARGET_NAME)";
				SUPPORTED_PLATFORMS = "iphoneos iphonesimulator";
				SUPPORTS_MACCATALYST = NO;
				SUPPORTS_MAC_DESIGNED_FOR_IPHONE_IPAD = NO;
				SWIFT_EMIT_LOC_STRINGS = YES;
				SWIFT_VERSION = 5.0;
				TARGETED_DEVICE_FAMILY = 1;
			};
			name = Debug;
		};
		0964C426299C29E1003639D8 /* Release */ = {
			isa = XCBuildConfiguration;
			buildSettings = {
				ASSETCATALOG_COMPILER_APPICON_NAME = AppIcon;
				ASSETCATALOG_COMPILER_GLOBAL_ACCENT_COLOR_NAME = AccentColor;
				CODE_SIGN_STYLE = Automatic;
				CURRENT_PROJECT_VERSION = 1;
				DEVELOPMENT_TEAM = 8GX99C5LX7;
				GENERATE_INFOPLIST_FILE = YES;
				INFOPLIST_FILE = GH_Followers/Info.plist;
				INFOPLIST_KEY_UIApplicationSupportsIndirectInputEvents = YES;
				INFOPLIST_KEY_UILaunchStoryboardName = LaunchScreen;
				INFOPLIST_KEY_UISupportedInterfaceOrientations = UIInterfaceOrientationPortrait;
				INFOPLIST_KEY_UISupportedInterfaceOrientations_iPad = "UIInterfaceOrientationPortrait UIInterfaceOrientationPortraitUpsideDown";
				LD_RUNPATH_SEARCH_PATHS = (
					"$(inherited)",
					"@executable_path/Frameworks",
				);
				MARKETING_VERSION = 1.0;
				PRODUCT_BUNDLE_IDENTIFIER = "KK.GH-Followers";
				PRODUCT_NAME = "$(TARGET_NAME)";
				SUPPORTED_PLATFORMS = "iphoneos iphonesimulator";
				SUPPORTS_MACCATALYST = NO;
				SUPPORTS_MAC_DESIGNED_FOR_IPHONE_IPAD = NO;
				SWIFT_EMIT_LOC_STRINGS = YES;
				SWIFT_VERSION = 5.0;
				TARGETED_DEVICE_FAMILY = 1;
			};
			name = Release;
		};
		0964C428299C29E1003639D8 /* Debug */ = {
			isa = XCBuildConfiguration;
			buildSettings = {
				ALWAYS_EMBED_SWIFT_STANDARD_LIBRARIES = YES;
				BUNDLE_LOADER = "$(TEST_HOST)";
				CODE_SIGN_STYLE = Automatic;
				CURRENT_PROJECT_VERSION = 1;
				DEVELOPMENT_TEAM = 8GX99C5LX7;
				GENERATE_INFOPLIST_FILE = YES;
				IPHONEOS_DEPLOYMENT_TARGET = 16.2;
				MARKETING_VERSION = 1.0;
				PRODUCT_BUNDLE_IDENTIFIER = "KK.GH-FollowersTests";
				PRODUCT_NAME = "$(TARGET_NAME)";
				SWIFT_EMIT_LOC_STRINGS = NO;
				SWIFT_VERSION = 5.0;
				TARGETED_DEVICE_FAMILY = "1,2";
				TEST_HOST = "$(BUILT_PRODUCTS_DIR)/GH_Followers.app/$(BUNDLE_EXECUTABLE_FOLDER_PATH)/GH_Followers";
			};
			name = Debug;
		};
		0964C429299C29E1003639D8 /* Release */ = {
			isa = XCBuildConfiguration;
			buildSettings = {
				ALWAYS_EMBED_SWIFT_STANDARD_LIBRARIES = YES;
				BUNDLE_LOADER = "$(TEST_HOST)";
				CODE_SIGN_STYLE = Automatic;
				CURRENT_PROJECT_VERSION = 1;
				DEVELOPMENT_TEAM = 8GX99C5LX7;
				GENERATE_INFOPLIST_FILE = YES;
				IPHONEOS_DEPLOYMENT_TARGET = 16.2;
				MARKETING_VERSION = 1.0;
				PRODUCT_BUNDLE_IDENTIFIER = "KK.GH-FollowersTests";
				PRODUCT_NAME = "$(TARGET_NAME)";
				SWIFT_EMIT_LOC_STRINGS = NO;
				SWIFT_VERSION = 5.0;
				TARGETED_DEVICE_FAMILY = "1,2";
				TEST_HOST = "$(BUILT_PRODUCTS_DIR)/GH_Followers.app/$(BUNDLE_EXECUTABLE_FOLDER_PATH)/GH_Followers";
			};
			name = Release;
		};
		0964C42B299C29E1003639D8 /* Debug */ = {
			isa = XCBuildConfiguration;
			buildSettings = {
				ALWAYS_EMBED_SWIFT_STANDARD_LIBRARIES = YES;
				CODE_SIGN_STYLE = Automatic;
				CURRENT_PROJECT_VERSION = 1;
				DEVELOPMENT_TEAM = 8GX99C5LX7;
				GENERATE_INFOPLIST_FILE = YES;
				MARKETING_VERSION = 1.0;
				PRODUCT_BUNDLE_IDENTIFIER = "KK.GH-FollowersUITests";
				PRODUCT_NAME = "$(TARGET_NAME)";
				SWIFT_EMIT_LOC_STRINGS = NO;
				SWIFT_VERSION = 5.0;
				TARGETED_DEVICE_FAMILY = "1,2";
				TEST_TARGET_NAME = GH_Followers;
			};
			name = Debug;
		};
		0964C42C299C29E1003639D8 /* Release */ = {
			isa = XCBuildConfiguration;
			buildSettings = {
				ALWAYS_EMBED_SWIFT_STANDARD_LIBRARIES = YES;
				CODE_SIGN_STYLE = Automatic;
				CURRENT_PROJECT_VERSION = 1;
				DEVELOPMENT_TEAM = 8GX99C5LX7;
				GENERATE_INFOPLIST_FILE = YES;
				MARKETING_VERSION = 1.0;
				PRODUCT_BUNDLE_IDENTIFIER = "KK.GH-FollowersUITests";
				PRODUCT_NAME = "$(TARGET_NAME)";
				SWIFT_EMIT_LOC_STRINGS = NO;
				SWIFT_VERSION = 5.0;
				TARGETED_DEVICE_FAMILY = "1,2";
				TEST_TARGET_NAME = GH_Followers;
			};
			name = Release;
		};
/* End XCBuildConfiguration section */

/* Begin XCConfigurationList section */
		0964C3F5299C29DF003639D8 /* Build configuration list for PBXProject "GH_Followers" */ = {
			isa = XCConfigurationList;
			buildConfigurations = (
				0964C422299C29E1003639D8 /* Debug */,
				0964C423299C29E1003639D8 /* Release */,
			);
			defaultConfigurationIsVisible = 0;
			defaultConfigurationName = Release;
		};
		0964C424299C29E1003639D8 /* Build configuration list for PBXNativeTarget "GH_Followers" */ = {
			isa = XCConfigurationList;
			buildConfigurations = (
				0964C425299C29E1003639D8 /* Debug */,
				0964C426299C29E1003639D8 /* Release */,
			);
			defaultConfigurationIsVisible = 0;
			defaultConfigurationName = Release;
		};
		0964C427299C29E1003639D8 /* Build configuration list for PBXNativeTarget "GH_FollowersTests" */ = {
			isa = XCConfigurationList;
			buildConfigurations = (
				0964C428299C29E1003639D8 /* Debug */,
				0964C429299C29E1003639D8 /* Release */,
			);
			defaultConfigurationIsVisible = 0;
			defaultConfigurationName = Release;
		};
		0964C42A299C29E1003639D8 /* Build configuration list for PBXNativeTarget "GH_FollowersUITests" */ = {
			isa = XCConfigurationList;
			buildConfigurations = (
				0964C42B299C29E1003639D8 /* Debug */,
				0964C42C299C29E1003639D8 /* Release */,
			);
			defaultConfigurationIsVisible = 0;
			defaultConfigurationName = Release;
		};
/* End XCConfigurationList section */
	};
	rootObject = 0964C3F2299C29DF003639D8 /* Project object */;
}
